
Microsoft Visual Studio Solution File, Format Version 12.00
# Visual Studio Version 17
VisualStudioVersion = 17.14.36109.1
MinimumVisualStudioVersion = 10.0.40219.1
Project("{FAE04EC0-301F-11D3-BF4B-00C04F79EFBC}") = "Animall.Core", "Animall.Core\Animall.Core.csproj", "{C9974FE0-A822-45FC-8A8E-46AC664D1AD2}"
EndProject
Project("{FAE04EC0-301F-11D3-BF4B-00C04F79EFBC}") = "Animall.app", "..\Animall.app\Animall.app.csproj", "{1B2BFE5F-8A36-4AE3-BC90-3CEBEBCD0EFE}"
EndProject
Global
	GlobalSection(SolutionConfigurationPlatforms) = preSolution
		Debug|Any CPU = Debug|Any CPU
		Release|Any CPU = Release|Any CPU
	EndGlobalSection
	GlobalSection(ProjectConfigurationPlatforms) = postSolution
		{C9974FE0-A822-45FC-8A8E-46AC664D1AD2}.Debug|Any CPU.ActiveCfg = Debug|Any CPU
		{C9974FE0-A822-45FC-8A8E-46AC664D1AD2}.Debug|Any CPU.Build.0 = Debug|Any CPU
		{C9974FE0-A822-45FC-8A8E-46AC664D1AD2}.Release|Any CPU.ActiveCfg = Release|Any CPU
		{C9974FE0-A822-45FC-8A8E-46AC664D1AD2}.Release|Any CPU.Build.0 = Release|Any CPU
		{1B2BFE5F-8A36-4AE3-BC90-3CEBEBCD0EFE}.Debug|Any CPU.ActiveCfg = Debug|Any CPU
		{1B2BFE5F-8A36-4AE3-BC90-3CEBEBCD0EFE}.Debug|Any CPU.Build.0 = Debug|Any CPU
		{1B2BFE5F-8A36-4AE3-BC90-3CEBEBCD0EFE}.Release|Any CPU.ActiveCfg = Release|Any CPU
		{1B2BFE5F-8A36-4AE3-BC90-3CEBEBCD0EFE}.Release|Any CPU.Build.0 = Release|Any CPU
	EndGlobalSection
	GlobalSection(SolutionProperties) = preSolution
		HideSolutionNode = FALSE
	EndGlobalSection
	GlobalSection(ExtensibilityGlobals) = postSolution
		SolutionGuid = {E1F7FEB7-39FA-4C89-A401-D94AF58EC737}
	EndGlobalSection
EndGlobal
